
Microsoft Visual Studio Solution File, Format Version 12.00
# Visual Studio 15
VisualStudioVersion = 15.0.27004.2010
MinimumVisualStudioVersion = 10.0.40219.1
Project("{FAE04EC0-301F-11D3-BF4B-00C04F79EFBC}") = "Frends.Community.PDFWriter", "Frends.Community.PDFWriter\Frends.Community.PDFWriter.csproj", "{3BFAD0C4-2DAC-46F9-B299-B6F9A92632D7}"
EndProject
Project("{2150E333-8FDC-42A3-9474-1A3956D46DE8}") = "Solution Items", "Solution Items", "{C89045E3-191C-4E18-B702-6357DCC55CE1}"
	ProjectSection(SolutionItems) = preProject
		nuspec\Frends.Community.PDFWriter.nuspec = nuspec\Frends.Community.PDFWriter.nuspec
		Frends.Community.PDFWriter\FrendsTaskMetadata.json = Frends.Community.PDFWriter\FrendsTaskMetadata.json
		LICENSE = LICENSE
		README.md = README.md
	EndProjectSection
EndProject
Project("{FAE04EC0-301F-11D3-BF4B-00C04F79EFBC}") = "Frends.Community.PDFWriter.Tests", "Frends.Community.PDFWriter.Tests\Frends.Community.PDFWriter.Tests.csproj", "{F1D94B8C-4E73-441D-B56D-BAC600050591}"
EndProject
Global
	GlobalSection(SolutionConfigurationPlatforms) = preSolution
		Debug|Any CPU = Debug|Any CPU
		Release|Any CPU = Release|Any CPU
	EndGlobalSection
	GlobalSection(ProjectConfigurationPlatforms) = postSolution
		{3BFAD0C4-2DAC-46F9-B299-B6F9A92632D7}.Debug|Any CPU.ActiveCfg = Debug|Any CPU
		{3BFAD0C4-2DAC-46F9-B299-B6F9A92632D7}.Debug|Any CPU.Build.0 = Debug|Any CPU
		{3BFAD0C4-2DAC-46F9-B299-B6F9A92632D7}.Release|Any CPU.ActiveCfg = Release|Any CPU
		{3BFAD0C4-2DAC-46F9-B299-B6F9A92632D7}.Release|Any CPU.Build.0 = Release|Any CPU
		{F1D94B8C-4E73-441D-B56D-BAC600050591}.Debug|Any CPU.ActiveCfg = Debug|Any CPU
		{F1D94B8C-4E73-441D-B56D-BAC600050591}.Debug|Any CPU.Build.0 = Debug|Any CPU
		{F1D94B8C-4E73-441D-B56D-BAC600050591}.Release|Any CPU.ActiveCfg = Release|Any CPU
		{F1D94B8C-4E73-441D-B56D-BAC600050591}.Release|Any CPU.Build.0 = Release|Any CPU
	EndGlobalSection
	GlobalSection(SolutionProperties) = preSolution
		HideSolutionNode = FALSE
	EndGlobalSection
	GlobalSection(ExtensibilityGlobals) = postSolution
		SolutionGuid = {9B1DEB4D-E6FA-4B87-AF28-641D8CC5C856}
	EndGlobalSection
EndGlobal
